# This file is automatically @generated by Cargo.
# It is not intended for manual editing.
version = 4

[[package]]
name = "ch01_Hello_Rust"
version = "0.1.0"

[[package]]
name = "ch02_guess_name"
version = "0.1.0"

[[package]]
name = "ch03_variable"
version = "0.1.0"

[[package]]
name = "ch04_ownership"
version = "0.1.0"
